
Microsoft Visual Studio Solution File, Format Version 12.00
# Visual Studio Version 17
VisualStudioVersion = 17.11.35222.181
MinimumVisualStudioVersion = 10.0.40219.1
Project("{2150E333-8FDC-42A3-9474-1A3956D46DE8}") = "Task0", "Task0", "{7CFC46D2-3AC4-4C41-9DB4-89DBCEDE0F3B}"
EndProject
Project("{9A19103F-16F7-4668-BE54-9A1E7A4F7556}") = "Tyuiu.SaigafarovBI.Sprint1.Task0.V8", "Tyuiu.SaigafarovBI.Sprint1.Task0.V8\Tyuiu.SaigafarovBI.Sprint1.Task0.V8.csproj", "{E1DD50AE-242A-429F-BCC9-5126F04813C5}"
EndProject
Project("{9A19103F-16F7-4668-BE54-9A1E7A4F7556}") = "Tyuiu.SaigafarovBI.Sprint1.Task0.V8.Lib", "Tyuiu.SaigafarovBI.Sprint1.Task0.V8.Lib\Tyuiu.SaigafarovBI.Sprint1.Task0.V8.Lib.csproj", "{FFAF6EB0-AFE4-40E5-AFEB-8F29EBEDD6C2}"
EndProject
Project("{9A19103F-16F7-4668-BE54-9A1E7A4F7556}") = "Tyuiu.SaigafarovBI.Sprint1.Task0.V8.Test", "Tyuiu.SaigafarovBI.Sprint1.Task0.V8.Test\Tyuiu.SaigafarovBI.Sprint1.Task0.V8.Test.csproj", "{87BD96D9-4B22-4F65-9A31-8D7BBCFF0DAE}"
EndProject
Project("{2150E333-8FDC-42A3-9474-1A3956D46DE8}") = "Task1", "Task1", "{FBA3758B-8993-403C-8088-E623C0F1BA63}"
EndProject
Project("{9A19103F-16F7-4668-BE54-9A1E7A4F7556}") = "Tyuiu.SaigafarovBI.Sprint1.Task1.V7", "Tyuiu.SaigafarovBI.Sprint1.Task1.V7\Tyuiu.SaigafarovBI.Sprint1.Task1.V7.csproj", "{332CD7B8-0372-4A62-92B1-CEBFC43F8CA0}"
EndProject
Project("{9A19103F-16F7-4668-BE54-9A1E7A4F7556}") = "Tyuiu.SaigafarovBI.Sprint1.Task1.V7.Lib", "Tyuiu.SaigafarovBI.Sprint1.Task1.V7.Lib\Tyuiu.SaigafarovBI.Sprint1.Task1.V7.Lib.csproj", "{8BC0C8A0-875F-4A7B-B8FA-E87EEFCB8D33}"
EndProject
Project("{9A19103F-16F7-4668-BE54-9A1E7A4F7556}") = "Tyuiu.SaigafarovBI.Sprint1.Task1.V7.Test", "Tyuiu.SaigafarovBI.Sprint1.Task1.V7.Test\Tyuiu.SaigafarovBI.Sprint1.Task1.V7.Test.csproj", "{182A0D90-9A45-47A3-B3CF-D7855EDAD102}"
EndProject
Project("{2150E333-8FDC-42A3-9474-1A3956D46DE8}") = "Task2", "Task2", "{95748961-BD13-4E94-AC48-1F26799EE316}"
EndProject
Project("{FAE04EC0-301F-11D3-BF4B-00C04F79EFBC}") = "Tyuiu.SaigafarovBI.Sprint1.Task2.V28", "Tyuiu.SaigafarovBI.Sprint1.Task2.V28\Tyuiu.SaigafarovBI.Sprint1.Task2.V28.csproj", "{50895C60-BFE4-4FEC-91B8-EE97325C4185}"
EndProject
Project("{FAE04EC0-301F-11D3-BF4B-00C04F79EFBC}") = "Tyuiu.SaigafarovBI.Sprint1.Task2.V28.Lib", "Tyuiu.SaigafarovBI.Sprint1.Task2.V28.Lib\Tyuiu.SaigafarovBI.Sprint1.Task2.V28.Lib.csproj", "{E5C6014E-CAEF-4DC7-BB50-575E611C88C6}"
EndProject
Project("{FAE04EC0-301F-11D3-BF4B-00C04F79EFBC}") = "Tyuiu.SaigafarovBI.Sprint1.Task2.V28.Test", "Tyuiu.SaigafarovBI.Sprint1.Task2.V28.Test\Tyuiu.SaigafarovBI.Sprint1.Task2.V28.Test.csproj", "{40C17153-68A8-4BD8-9F01-7B111A364941}"
EndProject
Project("{2150E333-8FDC-42A3-9474-1A3956D46DE8}") = "Task3", "Task3", "{993481E2-9B59-4E8B-AFF7-83FECC867C83}"
EndProject
Project("{FAE04EC0-301F-11D3-BF4B-00C04F79EFBC}") = "Tyuiu.SaigafarovBI.Sprint1.Task3.V15", "Tyuiu.SaigafarovBI.Sprint1.Task3.V15\Tyuiu.SaigafarovBI.Sprint1.Task3.V15.csproj", "{BD86FA3F-C837-4A71-B979-DED07B81B430}"
EndProject
Project("{FAE04EC0-301F-11D3-BF4B-00C04F79EFBC}") = "Tyuiu.SaigafarovBI.Sprint1.Task3.V15.Lib", "Tyuiu.SaigafarovBI.Sprint1.Task3.V15.Lib\Tyuiu.SaigafarovBI.Sprint1.Task3.V15.Lib.csproj", "{5683A5DE-69D9-4889-B13C-58BABADD1804}"
EndProject
Project("{FAE04EC0-301F-11D3-BF4B-00C04F79EFBC}") = "Tyuiu.SaigafarovBI.Sprint1.Task3.V15.Test", "Tyuiu.SaigafarovBI.Sprint1.Task3.V15.Test\Tyuiu.SaigafarovBI.Sprint1.Task3.V15.Test.csproj", "{F3247625-D21B-48DF-9443-09A4AFC6610C}"
EndProject
Project("{2150E333-8FDC-42A3-9474-1A3956D46DE8}") = "Task4", "Task4", "{01F0E703-5BA0-440E-AB44-5BBE2B95795F}"
EndProject
Project("{FAE04EC0-301F-11D3-BF4B-00C04F79EFBC}") = "Tyuiu.SaigafarovBI.Sprint1.Task4.V22", "Tyuiu.SaigafarovBI.Sprint1.Task4.V22\Tyuiu.SaigafarovBI.Sprint1.Task4.V22.csproj", "{5D215827-0742-4363-BA0E-515E033FD834}"
EndProject
Project("{FAE04EC0-301F-11D3-BF4B-00C04F79EFBC}") = "Tyuiu.SaigafarovBI.Sprint1.Task4.V22.Lib", "Tyuiu.SaigafarovBI.Sprint1.Task4.V22.Lib\Tyuiu.SaigafarovBI.Sprint1.Task4.V22.Lib.csproj", "{02AE8B08-D1DA-4F5C-AF30-6A1159CF5A02}"
EndProject
Project("{FAE04EC0-301F-11D3-BF4B-00C04F79EFBC}") = "Tyuiu.SaigafarovBI.Sprint1.Task4.V22.Test", "Tyuiu.SaigafarovBI.Sprint1.Task4.V22.Test\Tyuiu.SaigafarovBI.Sprint1.Task4.V22.Test.csproj", "{D9775BE5-156A-49A1-882E-A0F7BA6A9840}"
EndProject
Project("{2150E333-8FDC-42A3-9474-1A3956D46DE8}") = "Task5", "Task5", "{70D6FD61-19D3-4720-A96B-BCA34DADFF21}"
EndProject
Project("{FAE04EC0-301F-11D3-BF4B-00C04F79EFBC}") = "Tyuiu.SaigafarovBI.Sprint1.Task5.V2", "Tyuiu.SaigafarovBI.Sprint1.Task5.V2\Tyuiu.SaigafarovBI.Sprint1.Task5.V2.csproj", "{2DF52A56-ED1A-4FA0-815E-A33EA5F8F12E}"
EndProject
Project("{FAE04EC0-301F-11D3-BF4B-00C04F79EFBC}") = "Tyuiu.SaigafarovBI.Sprint1.Task5.V2.Lib", "Tyuiu.SaigafarovBI.Sprint1.Task5.V2.Lib\Tyuiu.SaigafarovBI.Sprint1.Task5.V2.Lib.csproj", "{1546C9C5-1F75-4FB2-96A3-BC47A6EF836C}"
EndProject
Project("{FAE04EC0-301F-11D3-BF4B-00C04F79EFBC}") = "Tyuiu.SaigafarovBI.Sprint1.Task5.V2.Test", "Tyuiu.SaigafarovBI.Sprint1.Task5.V2.Test\Tyuiu.SaigafarovBI.Sprint1.Task5.V2.Test.csproj", "{CF140A37-0C82-46A5-A40F-BA1069F93B17}"
EndProject
Project("{2150E333-8FDC-42A3-9474-1A3956D46DE8}") = "Task6", "Task6", "{4B2243C3-B4C3-4673-81D9-3CC900D94366}"
EndProject
Project("{FAE04EC0-301F-11D3-BF4B-00C04F79EFBC}") = "Tyuiu.SaigafarovBI.Sprint1.Task6.V10", "Tyuiu.SaigafarovBI.Sprint1.Task6.V10\Tyuiu.SaigafarovBI.Sprint1.Task6.V10.csproj", "{DE807079-FBC9-42E2-B2A5-0C78012E3B33}"
EndProject
Project("{FAE04EC0-301F-11D3-BF4B-00C04F79EFBC}") = "Tyuiu.SaigafarovBI.Sprint1.Task6.V10.Lib", "Tyuiu.SaigafarovBI.Sprint1.Task6.V10.Lib\Tyuiu.SaigafarovBI.Sprint1.Task6.V10.Lib.csproj", "{3D991F3C-0DA8-4850-9C4A-C69052D74CAE}"
EndProject
Project("{FAE04EC0-301F-11D3-BF4B-00C04F79EFBC}") = "Tyuiu.SaigafarovBI.Sprint1.Task6.V10.Test", "Tyuiu.SaigafarovBI.Sprint1.Task6.V10.Test\Tyuiu.SaigafarovBI.Sprint1.Task6.V10.Test.csproj", "{61E8253A-9085-4ECA-8B61-7796D904C39D}"
EndProject
Project("{2150E333-8FDC-42A3-9474-1A3956D46DE8}") = "Task7", "Task7", "{637DF9DC-49B9-4C45-BF7F-E68B9B72838B}"
EndProject
Project("{FAE04EC0-301F-11D3-BF4B-00C04F79EFBC}") = "Tyuiu.SaigafarovBI.Sprint1.Task7.V22", "Tyuiu.SaigafarovBI.Sprint1.Task7.V22\Tyuiu.SaigafarovBI.Sprint1.Task7.V22.csproj", "{D76D5DD6-D7C9-4482-8888-C4F0193341C9}"
EndProject
Project("{FAE04EC0-301F-11D3-BF4B-00C04F79EFBC}") = "Tyuiu.SaigafarovBI.Sprint1.Task7.V22.Lib", "Tyuiu.SaigafarovBI.Sprint1.Task7.V22.Lib\Tyuiu.SaigafarovBI.Sprint1.Task7.V22.Lib.csproj", "{96A7979B-9D27-473B-867F-73B8BA617606}"
EndProject
Project("{FAE04EC0-301F-11D3-BF4B-00C04F79EFBC}") = "Tyuiu.SaigafarovBI.Sprint1.Task7.V22.Test", "Tyuiu.SaigafarovBI.Sprint1.Task7.V22.Test\Tyuiu.SaigafarovBI.Sprint1.Task7.V22.Test.csproj", "{7DC69654-F2BA-455A-B3B8-BCF4850A38E1}"
EndProject
Global
	GlobalSection(SolutionConfigurationPlatforms) = preSolution
		Debug|Any CPU = Debug|Any CPU
		Release|Any CPU = Release|Any CPU
	EndGlobalSection
	GlobalSection(ProjectConfigurationPlatforms) = postSolution
		{E1DD50AE-242A-429F-BCC9-5126F04813C5}.Debug|Any CPU.ActiveCfg = Debug|Any CPU
		{E1DD50AE-242A-429F-BCC9-5126F04813C5}.Debug|Any CPU.Build.0 = Debug|Any CPU
		{E1DD50AE-242A-429F-BCC9-5126F04813C5}.Release|Any CPU.ActiveCfg = Release|Any CPU
		{E1DD50AE-242A-429F-BCC9-5126F04813C5}.Release|Any CPU.Build.0 = Release|Any CPU
		{FFAF6EB0-AFE4-40E5-AFEB-8F29EBEDD6C2}.Debug|Any CPU.ActiveCfg = Debug|Any CPU
		{FFAF6EB0-AFE4-40E5-AFEB-8F29EBEDD6C2}.Debug|Any CPU.Build.0 = Debug|Any CPU
		{FFAF6EB0-AFE4-40E5-AFEB-8F29EBEDD6C2}.Release|Any CPU.ActiveCfg = Release|Any CPU
		{FFAF6EB0-AFE4-40E5-AFEB-8F29EBEDD6C2}.Release|Any CPU.Build.0 = Release|Any CPU
		{87BD96D9-4B22-4F65-9A31-8D7BBCFF0DAE}.Debug|Any CPU.ActiveCfg = Debug|Any CPU
		{87BD96D9-4B22-4F65-9A31-8D7BBCFF0DAE}.Debug|Any CPU.Build.0 = Debug|Any CPU
		{87BD96D9-4B22-4F65-9A31-8D7BBCFF0DAE}.Release|Any CPU.ActiveCfg = Release|Any CPU
		{87BD96D9-4B22-4F65-9A31-8D7BBCFF0DAE}.Release|Any CPU.Build.0 = Release|Any CPU
		{332CD7B8-0372-4A62-92B1-CEBFC43F8CA0}.Debug|Any CPU.ActiveCfg = Debug|Any CPU
		{332CD7B8-0372-4A62-92B1-CEBFC43F8CA0}.Debug|Any CPU.Build.0 = Debug|Any CPU
		{332CD7B8-0372-4A62-92B1-CEBFC43F8CA0}.Release|Any CPU.ActiveCfg = Release|Any CPU
		{332CD7B8-0372-4A62-92B1-CEBFC43F8CA0}.Release|Any CPU.Build.0 = Release|Any CPU
		{8BC0C8A0-875F-4A7B-B8FA-E87EEFCB8D33}.Debug|Any CPU.ActiveCfg = Debug|Any CPU
		{8BC0C8A0-875F-4A7B-B8FA-E87EEFCB8D33}.Debug|Any CPU.Build.0 = Debug|Any CPU
		{8BC0C8A0-875F-4A7B-B8FA-E87EEFCB8D33}.Release|Any CPU.ActiveCfg = Release|Any CPU
		{8BC0C8A0-875F-4A7B-B8FA-E87EEFCB8D33}.Release|Any CPU.Build.0 = Release|Any CPU
		{182A0D90-9A45-47A3-B3CF-D7855EDAD102}.Debug|Any CPU.ActiveCfg = Debug|Any CPU
		{182A0D90-9A45-47A3-B3CF-D7855EDAD102}.Debug|Any CPU.Build.0 = Debug|Any CPU
		{182A0D90-9A45-47A3-B3CF-D7855EDAD102}.Release|Any CPU.ActiveCfg = Release|Any CPU
		{182A0D90-9A45-47A3-B3CF-D7855EDAD102}.Release|Any CPU.Build.0 = Release|Any CPU
		{50895C60-BFE4-4FEC-91B8-EE97325C4185}.Debug|Any CPU.ActiveCfg = Debug|Any CPU
		{50895C60-BFE4-4FEC-91B8-EE97325C4185}.Debug|Any CPU.Build.0 = Debug|Any CPU
		{50895C60-BFE4-4FEC-91B8-EE97325C4185}.Release|Any CPU.ActiveCfg = Release|Any CPU
		{50895C60-BFE4-4FEC-91B8-EE97325C4185}.Release|Any CPU.Build.0 = Release|Any CPU
		{E5C6014E-CAEF-4DC7-BB50-575E611C88C6}.Debug|Any CPU.ActiveCfg = Debug|Any CPU
		{E5C6014E-CAEF-4DC7-BB50-575E611C88C6}.Debug|Any CPU.Build.0 = Debug|Any CPU
		{E5C6014E-CAEF-4DC7-BB50-575E611C88C6}.Release|Any CPU.ActiveCfg = Release|Any CPU
		{E5C6014E-CAEF-4DC7-BB50-575E611C88C6}.Release|Any CPU.Build.0 = Release|Any CPU
		{40C17153-68A8-4BD8-9F01-7B111A364941}.Debug|Any CPU.ActiveCfg = Debug|Any CPU
		{40C17153-68A8-4BD8-9F01-7B111A364941}.Debug|Any CPU.Build.0 = Debug|Any CPU
		{40C17153-68A8-4BD8-9F01-7B111A364941}.Release|Any CPU.ActiveCfg = Release|Any CPU
		{40C17153-68A8-4BD8-9F01-7B111A364941}.Release|Any CPU.Build.0 = Release|Any CPU
		{BD86FA3F-C837-4A71-B979-DED07B81B430}.Debug|Any CPU.ActiveCfg = Debug|Any CPU
		{BD86FA3F-C837-4A71-B979-DED07B81B430}.Debug|Any CPU.Build.0 = Debug|Any CPU
		{BD86FA3F-C837-4A71-B979-DED07B81B430}.Release|Any CPU.ActiveCfg = Release|Any CPU
		{BD86FA3F-C837-4A71-B979-DED07B81B430}.Release|Any CPU.Build.0 = Release|Any CPU
		{5683A5DE-69D9-4889-B13C-58BABADD1804}.Debug|Any CPU.ActiveCfg = Debug|Any CPU
		{5683A5DE-69D9-4889-B13C-58BABADD1804}.Debug|Any CPU.Build.0 = Debug|Any CPU
		{5683A5DE-69D9-4889-B13C-58BABADD1804}.Release|Any CPU.ActiveCfg = Release|Any CPU
		{5683A5DE-69D9-4889-B13C-58BABADD1804}.Release|Any CPU.Build.0 = Release|Any CPU
		{F3247625-D21B-48DF-9443-09A4AFC6610C}.Debug|Any CPU.ActiveCfg = Debug|Any CPU
		{F3247625-D21B-48DF-9443-09A4AFC6610C}.Debug|Any CPU.Build.0 = Debug|Any CPU
		{F3247625-D21B-48DF-9443-09A4AFC6610C}.Release|Any CPU.ActiveCfg = Release|Any CPU
		{F3247625-D21B-48DF-9443-09A4AFC6610C}.Release|Any CPU.Build.0 = Release|Any CPU
		{5D215827-0742-4363-BA0E-515E033FD834}.Debug|Any CPU.ActiveCfg = Debug|Any CPU
		{5D215827-0742-4363-BA0E-515E033FD834}.Debug|Any CPU.Build.0 = Debug|Any CPU
		{5D215827-0742-4363-BA0E-515E033FD834}.Release|Any CPU.ActiveCfg = Release|Any CPU
		{5D215827-0742-4363-BA0E-515E033FD834}.Release|Any CPU.Build.0 = Release|Any CPU
		{02AE8B08-D1DA-4F5C-AF30-6A1159CF5A02}.Debug|Any CPU.ActiveCfg = Debug|Any CPU
		{02AE8B08-D1DA-4F5C-AF30-6A1159CF5A02}.Debug|Any CPU.Build.0 = Debug|Any CPU
		{02AE8B08-D1DA-4F5C-AF30-6A1159CF5A02}.Release|Any CPU.ActiveCfg = Release|Any CPU
		{02AE8B08-D1DA-4F5C-AF30-6A1159CF5A02}.Release|Any CPU.Build.0 = Release|Any CPU
		{D9775BE5-156A-49A1-882E-A0F7BA6A9840}.Debug|Any CPU.ActiveCfg = Debug|Any CPU
		{D9775BE5-156A-49A1-882E-A0F7BA6A9840}.Debug|Any CPU.Build.0 = Debug|Any CPU
		{D9775BE5-156A-49A1-882E-A0F7BA6A9840}.Release|Any CPU.ActiveCfg = Release|Any CPU
		{D9775BE5-156A-49A1-882E-A0F7BA6A9840}.Release|Any CPU.Build.0 = Release|Any CPU
		{2DF52A56-ED1A-4FA0-815E-A33EA5F8F12E}.Debug|Any CPU.ActiveCfg = Debug|Any CPU
		{2DF52A56-ED1A-4FA0-815E-A33EA5F8F12E}.Debug|Any CPU.Build.0 = Debug|Any CPU
		{2DF52A56-ED1A-4FA0-815E-A33EA5F8F12E}.Release|Any CPU.ActiveCfg = Release|Any CPU
		{2DF52A56-ED1A-4FA0-815E-A33EA5F8F12E}.Release|Any CPU.Build.0 = Release|Any CPU
		{1546C9C5-1F75-4FB2-96A3-BC47A6EF836C}.Debug|Any CPU.ActiveCfg = Debug|Any CPU
		{1546C9C5-1F75-4FB2-96A3-BC47A6EF836C}.Debug|Any CPU.Build.0 = Debug|Any CPU
		{1546C9C5-1F75-4FB2-96A3-BC47A6EF836C}.Release|Any CPU.ActiveCfg = Release|Any CPU
		{1546C9C5-1F75-4FB2-96A3-BC47A6EF836C}.Release|Any CPU.Build.0 = Release|Any CPU
		{CF140A37-0C82-46A5-A40F-BA1069F93B17}.Debug|Any CPU.ActiveCfg = Debug|Any CPU
		{CF140A37-0C82-46A5-A40F-BA1069F93B17}.Debug|Any CPU.Build.0 = Debug|Any CPU
		{CF140A37-0C82-46A5-A40F-BA1069F93B17}.Release|Any CPU.ActiveCfg = Release|Any CPU
		{CF140A37-0C82-46A5-A40F-BA1069F93B17}.Release|Any CPU.Build.0 = Release|Any CPU
		{DE807079-FBC9-42E2-B2A5-0C78012E3B33}.Debug|Any CPU.ActiveCfg = Debug|Any CPU
		{DE807079-FBC9-42E2-B2A5-0C78012E3B33}.Debug|Any CPU.Build.0 = Debug|Any CPU
		{DE807079-FBC9-42E2-B2A5-0C78012E3B33}.Release|Any CPU.ActiveCfg = Release|Any CPU
		{DE807079-FBC9-42E2-B2A5-0C78012E3B33}.Release|Any CPU.Build.0 = Release|Any CPU
		{3D991F3C-0DA8-4850-9C4A-C69052D74CAE}.Debug|Any CPU.ActiveCfg = Debug|Any CPU
		{3D991F3C-0DA8-4850-9C4A-C69052D74CAE}.Debug|Any CPU.Build.0 = Debug|Any CPU
		{3D991F3C-0DA8-4850-9C4A-C69052D74CAE}.Release|Any CPU.ActiveCfg = Release|Any CPU
		{3D991F3C-0DA8-4850-9C4A-C69052D74CAE}.Release|Any CPU.Build.0 = Release|Any CPU
		{61E8253A-9085-4ECA-8B61-7796D904C39D}.Debug|Any CPU.ActiveCfg = Debug|Any CPU
		{61E8253A-9085-4ECA-8B61-7796D904C39D}.Debug|Any CPU.Build.0 = Debug|Any CPU
		{61E8253A-9085-4ECA-8B61-7796D904C39D}.Release|Any CPU.ActiveCfg = Release|Any CPU
		{61E8253A-9085-4ECA-8B61-7796D904C39D}.Release|Any CPU.Build.0 = Release|Any CPU
		{D76D5DD6-D7C9-4482-8888-C4F0193341C9}.Debug|Any CPU.ActiveCfg = Debug|Any CPU
		{D76D5DD6-D7C9-4482-8888-C4F0193341C9}.Debug|Any CPU.Build.0 = Debug|Any CPU
		{D76D5DD6-D7C9-4482-8888-C4F0193341C9}.Release|Any CPU.ActiveCfg = Release|Any CPU
		{D76D5DD6-D7C9-4482-8888-C4F0193341C9}.Release|Any CPU.Build.0 = Release|Any CPU
		{96A7979B-9D27-473B-867F-73B8BA617606}.Debug|Any CPU.ActiveCfg = Debug|Any CPU
		{96A7979B-9D27-473B-867F-73B8BA617606}.Debug|Any CPU.Build.0 = Debug|Any CPU
		{96A7979B-9D27-473B-867F-73B8BA617606}.Release|Any CPU.ActiveCfg = Release|Any CPU
		{96A7979B-9D27-473B-867F-73B8BA617606}.Release|Any CPU.Build.0 = Release|Any CPU
		{7DC69654-F2BA-455A-B3B8-BCF4850A38E1}.Debug|Any CPU.ActiveCfg = Debug|Any CPU
		{7DC69654-F2BA-455A-B3B8-BCF4850A38E1}.Debug|Any CPU.Build.0 = Debug|Any CPU
		{7DC69654-F2BA-455A-B3B8-BCF4850A38E1}.Release|Any CPU.ActiveCfg = Release|Any CPU
		{7DC69654-F2BA-455A-B3B8-BCF4850A38E1}.Release|Any CPU.Build.0 = Release|Any CPU
	EndGlobalSection
	GlobalSection(SolutionProperties) = preSolution
		HideSolutionNode = FALSE
	EndGlobalSection
	GlobalSection(NestedProjects) = preSolution
		{E1DD50AE-242A-429F-BCC9-5126F04813C5} = {7CFC46D2-3AC4-4C41-9DB4-89DBCEDE0F3B}
		{FFAF6EB0-AFE4-40E5-AFEB-8F29EBEDD6C2} = {7CFC46D2-3AC4-4C41-9DB4-89DBCEDE0F3B}
		{87BD96D9-4B22-4F65-9A31-8D7BBCFF0DAE} = {7CFC46D2-3AC4-4C41-9DB4-89DBCEDE0F3B}
		{332CD7B8-0372-4A62-92B1-CEBFC43F8CA0} = {FBA3758B-8993-403C-8088-E623C0F1BA63}
		{8BC0C8A0-875F-4A7B-B8FA-E87EEFCB8D33} = {FBA3758B-8993-403C-8088-E623C0F1BA63}
		{182A0D90-9A45-47A3-B3CF-D7855EDAD102} = {FBA3758B-8993-403C-8088-E623C0F1BA63}
		{50895C60-BFE4-4FEC-91B8-EE97325C4185} = {95748961-BD13-4E94-AC48-1F26799EE316}
		{E5C6014E-CAEF-4DC7-BB50-575E611C88C6} = {95748961-BD13-4E94-AC48-1F26799EE316}
		{40C17153-68A8-4BD8-9F01-7B111A364941} = {95748961-BD13-4E94-AC48-1F26799EE316}
		{BD86FA3F-C837-4A71-B979-DED07B81B430} = {993481E2-9B59-4E8B-AFF7-83FECC867C83}
		{5683A5DE-69D9-4889-B13C-58BABADD1804} = {993481E2-9B59-4E8B-AFF7-83FECC867C83}
		{F3247625-D21B-48DF-9443-09A4AFC6610C} = {993481E2-9B59-4E8B-AFF7-83FECC867C83}
		{5D215827-0742-4363-BA0E-515E033FD834} = {01F0E703-5BA0-440E-AB44-5BBE2B95795F}
		{02AE8B08-D1DA-4F5C-AF30-6A1159CF5A02} = {01F0E703-5BA0-440E-AB44-5BBE2B95795F}
		{D9775BE5-156A-49A1-882E-A0F7BA6A9840} = {01F0E703-5BA0-440E-AB44-5BBE2B95795F}
		{2DF52A56-ED1A-4FA0-815E-A33EA5F8F12E} = {70D6FD61-19D3-4720-A96B-BCA34DADFF21}
		{1546C9C5-1F75-4FB2-96A3-BC47A6EF836C} = {70D6FD61-19D3-4720-A96B-BCA34DADFF21}
		{CF140A37-0C82-46A5-A40F-BA1069F93B17} = {70D6FD61-19D3-4720-A96B-BCA34DADFF21}
		{DE807079-FBC9-42E2-B2A5-0C78012E3B33} = {4B2243C3-B4C3-4673-81D9-3CC900D94366}
		{3D991F3C-0DA8-4850-9C4A-C69052D74CAE} = {4B2243C3-B4C3-4673-81D9-3CC900D94366}
		{61E8253A-9085-4ECA-8B61-7796D904C39D} = {4B2243C3-B4C3-4673-81D9-3CC900D94366}
		{D76D5DD6-D7C9-4482-8888-C4F0193341C9} = {637DF9DC-49B9-4C45-BF7F-E68B9B72838B}
		{96A7979B-9D27-473B-867F-73B8BA617606} = {637DF9DC-49B9-4C45-BF7F-E68B9B72838B}
		{7DC69654-F2BA-455A-B3B8-BCF4850A38E1} = {637DF9DC-49B9-4C45-BF7F-E68B9B72838B}
	EndGlobalSection
	GlobalSection(ExtensibilityGlobals) = postSolution
		SolutionGuid = {D09A91A5-0F93-4124-8F4E-433D6E226DD8}
	EndGlobalSection
EndGlobal
